
Microsoft Visual Studio Solution File, Format Version 12.00
# Visual Studio 14
VisualStudioVersion = 14.0.23107.0
MinimumVisualStudioVersion = 10.0.40219.1
Project("{FAE04EC0-301F-11D3-BF4B-00C04F79EFBC}") = "terminalEntrance", "terminalEntrance\terminalEntrance.csproj", "{55085461-3A03-4D87-AA50-0A658482BE80}"
EndProject
Project("{FAE04EC0-301F-11D3-BF4B-00C04F79EFBC}") = "performaceAnalysis", "performaceAnalysis\performaceAnalysis.csproj", "{01FC7F3F-8D91-47F9-8299-4A0FA0B11454}"
EndProject
Project("{FAE04EC0-301F-11D3-BF4B-00C04F79EFBC}") = "underExtract", "underExtract\underExtract.csproj", "{C1E83C16-3644-4B49-BAA0-F918F496DC68}"
EndProject
Project("{FAE04EC0-301F-11D3-BF4B-00C04F79EFBC}") = "verifyTest", "verifyTest\verifyTest.csproj", "{1D43B28F-F6B9-4D4F-B180-BC5A981BD46F}"
EndProject
Global
	GlobalSection(SolutionConfigurationPlatforms) = preSolution
		Debug|Any CPU = Debug|Any CPU
		Release|Any CPU = Release|Any CPU
	EndGlobalSection
	GlobalSection(ProjectConfigurationPlatforms) = postSolution
		{55085461-3A03-4D87-AA50-0A658482BE80}.Debug|Any CPU.ActiveCfg = Debug|Any CPU
		{55085461-3A03-4D87-AA50-0A658482BE80}.Debug|Any CPU.Build.0 = Debug|Any CPU
		{55085461-3A03-4D87-AA50-0A658482BE80}.Release|Any CPU.ActiveCfg = Release|Any CPU
		{55085461-3A03-4D87-AA50-0A658482BE80}.Release|Any CPU.Build.0 = Release|Any CPU
		{01FC7F3F-8D91-47F9-8299-4A0FA0B11454}.Debug|Any CPU.ActiveCfg = Debug|Any CPU
		{01FC7F3F-8D91-47F9-8299-4A0FA0B11454}.Debug|Any CPU.Build.0 = Debug|Any CPU
		{01FC7F3F-8D91-47F9-8299-4A0FA0B11454}.Release|Any CPU.ActiveCfg = Release|Any CPU
		{01FC7F3F-8D91-47F9-8299-4A0FA0B11454}.Release|Any CPU.Build.0 = Release|Any CPU
		{C1E83C16-3644-4B49-BAA0-F918F496DC68}.Debug|Any CPU.ActiveCfg = Debug|Any CPU
		{C1E83C16-3644-4B49-BAA0-F918F496DC68}.Debug|Any CPU.Build.0 = Debug|Any CPU
		{C1E83C16-3644-4B49-BAA0-F918F496DC68}.Release|Any CPU.ActiveCfg = Release|Any CPU
		{C1E83C16-3644-4B49-BAA0-F918F496DC68}.Release|Any CPU.Build.0 = Release|Any CPU
		{1D43B28F-F6B9-4D4F-B180-BC5A981BD46F}.Debug|Any CPU.ActiveCfg = Debug|Any CPU
		{1D43B28F-F6B9-4D4F-B180-BC5A981BD46F}.Debug|Any CPU.Build.0 = Debug|Any CPU
		{1D43B28F-F6B9-4D4F-B180-BC5A981BD46F}.Release|Any CPU.ActiveCfg = Release|Any CPU
		{1D43B28F-F6B9-4D4F-B180-BC5A981BD46F}.Release|Any CPU.Build.0 = Release|Any CPU
	EndGlobalSection
	GlobalSection(SolutionProperties) = preSolution
		HideSolutionNode = FALSE
	EndGlobalSection
EndGlobal
